
Microsoft Visual Studio Solution File, Format Version 12.00
# Visual Studio 15
VisualStudioVersion = 15.0.28307.539
MinimumVisualStudioVersion = 10.0.40219.1
Project("{9A19103F-16F7-4668-BE54-9A1E7A4F7556}") = "VolunteersEventsApp", "VolunteersEventsApp\VolunteersEventsApp.csproj", "{2E574482-727C-41AD-B0E0-D30B7AB7109E}"
EndProject
Global
	GlobalSection(SolutionConfigurationPlatforms) = preSolution
		Debug|Any CPU = Debug|Any CPU
		Release|Any CPU = Release|Any CPU
	EndGlobalSection
	GlobalSection(ProjectConfigurationPlatforms) = postSolution
		{2E574482-727C-41AD-B0E0-D30B7AB7109E}.Debug|Any CPU.ActiveCfg = Debug|Any CPU
		{2E574482-727C-41AD-B0E0-D30B7AB7109E}.Debug|Any CPU.Build.0 = Debug|Any CPU
		{2E574482-727C-41AD-B0E0-D30B7AB7109E}.Release|Any CPU.ActiveCfg = Release|Any CPU
		{2E574482-727C-41AD-B0E0-D30B7AB7109E}.Release|Any CPU.Build.0 = Release|Any CPU
	EndGlobalSection
	GlobalSection(SolutionProperties) = preSolution
		HideSolutionNode = FALSE
	EndGlobalSection
	GlobalSection(ExtensibilityGlobals) = postSolution
		SolutionGuid = {04D3B85F-411E-4B7C-82E5-E87E31FA4FC2}
	EndGlobalSection
EndGlobal
